
Microsoft Visual Studio Solution File, Format Version 12.00
# Visual Studio Version 17
VisualStudioVersion = 17.7.34031.279
MinimumVisualStudioVersion = 10.0.40219.1
Project("{2150E333-8FDC-42A3-9474-1A3956D46DE8}") = "Application Business Rules", "Application Business Rules", "{F683915B-1980-4139-B945-9477E0FF4DA4}"
EndProject
Project("{2150E333-8FDC-42A3-9474-1A3956D46DE8}") = "Enterpise Business Rules", "Enterpise Business Rules", "{E1D60084-1C89-4B3A-8A2C-0AA636C9DCA3}"
EndProject
Project("{2150E333-8FDC-42A3-9474-1A3956D46DE8}") = "Frameworks And Drivers", "Frameworks And Drivers", "{452F1073-CE41-409E-865F-EAAC109A4EB0}"
EndProject
Project("{2150E333-8FDC-42A3-9474-1A3956D46DE8}") = "Interface Adapters", "Interface Adapters", "{AD8C69AE-0968-4DCB-8629-ACAD62822F4D}"
EndProject
Project("{9A19103F-16F7-4668-BE54-9A1E7A4F7556}") = "Whatsapp.UseCases", "Whatsapp.UseCases\Whatsapp.UseCases.csproj", "{FE4E86F8-C824-488B-85E6-B2676C4BC6F3}"
EndProject
Project("{9A19103F-16F7-4668-BE54-9A1E7A4F7556}") = "Whatsapp.UseCasesPorts", "Whatsapp.UseCasesPorts\Whatsapp.UseCasesPorts.csproj", "{CA7878A5-A336-4253-965A-8C8FA380591E}"
EndProject
Project("{9A19103F-16F7-4668-BE54-9A1E7A4F7556}") = "Whatsapp.API", "Whatsapp.API\Whatsapp.API.csproj", "{9DF7D672-9F17-4458-84DB-33859331F432}"
EndProject
Project("{2150E333-8FDC-42A3-9474-1A3956D46DE8}") = "Gateways", "Gateways", "{DE753457-E47E-4FFD-B901-684B2ACE077F}"
EndProject
Project("{2150E333-8FDC-42A3-9474-1A3956D46DE8}") = "Presenters", "Presenters", "{B98D43AF-0C38-4B88-91F0-990A5CC8D938}"
EndProject
Project("{2150E333-8FDC-42A3-9474-1A3956D46DE8}") = "Services", "Services", "{656E9CCA-F605-4BAF-BC67-75A580BE5B7B}"
EndProject
Project("{9A19103F-16F7-4668-BE54-9A1E7A4F7556}") = "Whatsapp.IoC", "Whatsapp.IoC\Whatsapp.IoC.csproj", "{8EB5F49C-6932-49EE-B4F3-7D46DF27C1F5}"
EndProject
Project("{9A19103F-16F7-4668-BE54-9A1E7A4F7556}") = "Whatsapp.Presenters", "Whatsapp.Presenters\Whatsapp.Presenters.csproj", "{22CFC57A-7E1F-40A4-AFBD-83AE677B3D3F}"
EndProject
Project("{9A19103F-16F7-4668-BE54-9A1E7A4F7556}") = "Whatsapp.Http.Service", "Whatsapp.Http.Service\Whatsapp.Http.Service.csproj", "{C080A9FF-24C5-4DA0-9F78-C21CF2806A8B}"
EndProject
Project("{9A19103F-16F7-4668-BE54-9A1E7A4F7556}") = "Whatsapp.Entities", "Whatsapp.Entities\Whatsapp.Entities.csproj", "{2B0924BC-6DF8-4113-9043-84D7C3239AA8}"
EndProject
Project("{FAE04EC0-301F-11D3-BF4B-00C04F79EFBC}") = "Whatsapp.DTOs", "Whatsapp.DTOs\Whatsapp.DTOs.csproj", "{EF932952-D7FC-4A7A-B9EB-22BB511A7906}"
EndProject
Global
	GlobalSection(SolutionConfigurationPlatforms) = preSolution
		Debug|Any CPU = Debug|Any CPU
		Release|Any CPU = Release|Any CPU
	EndGlobalSection
	GlobalSection(ProjectConfigurationPlatforms) = postSolution
		{FE4E86F8-C824-488B-85E6-B2676C4BC6F3}.Debug|Any CPU.ActiveCfg = Debug|Any CPU
		{FE4E86F8-C824-488B-85E6-B2676C4BC6F3}.Debug|Any CPU.Build.0 = Debug|Any CPU
		{FE4E86F8-C824-488B-85E6-B2676C4BC6F3}.Release|Any CPU.ActiveCfg = Release|Any CPU
		{FE4E86F8-C824-488B-85E6-B2676C4BC6F3}.Release|Any CPU.Build.0 = Release|Any CPU
		{CA7878A5-A336-4253-965A-8C8FA380591E}.Debug|Any CPU.ActiveCfg = Debug|Any CPU
		{CA7878A5-A336-4253-965A-8C8FA380591E}.Debug|Any CPU.Build.0 = Debug|Any CPU
		{CA7878A5-A336-4253-965A-8C8FA380591E}.Release|Any CPU.ActiveCfg = Release|Any CPU
		{CA7878A5-A336-4253-965A-8C8FA380591E}.Release|Any CPU.Build.0 = Release|Any CPU
		{9DF7D672-9F17-4458-84DB-33859331F432}.Debug|Any CPU.ActiveCfg = Debug|Any CPU
		{9DF7D672-9F17-4458-84DB-33859331F432}.Debug|Any CPU.Build.0 = Debug|Any CPU
		{9DF7D672-9F17-4458-84DB-33859331F432}.Release|Any CPU.ActiveCfg = Release|Any CPU
		{9DF7D672-9F17-4458-84DB-33859331F432}.Release|Any CPU.Build.0 = Release|Any CPU
		{8EB5F49C-6932-49EE-B4F3-7D46DF27C1F5}.Debug|Any CPU.ActiveCfg = Debug|Any CPU
		{8EB5F49C-6932-49EE-B4F3-7D46DF27C1F5}.Debug|Any CPU.Build.0 = Debug|Any CPU
		{8EB5F49C-6932-49EE-B4F3-7D46DF27C1F5}.Release|Any CPU.ActiveCfg = Release|Any CPU
		{8EB5F49C-6932-49EE-B4F3-7D46DF27C1F5}.Release|Any CPU.Build.0 = Release|Any CPU
		{22CFC57A-7E1F-40A4-AFBD-83AE677B3D3F}.Debug|Any CPU.ActiveCfg = Debug|Any CPU
		{22CFC57A-7E1F-40A4-AFBD-83AE677B3D3F}.Debug|Any CPU.Build.0 = Debug|Any CPU
		{22CFC57A-7E1F-40A4-AFBD-83AE677B3D3F}.Release|Any CPU.ActiveCfg = Release|Any CPU
		{22CFC57A-7E1F-40A4-AFBD-83AE677B3D3F}.Release|Any CPU.Build.0 = Release|Any CPU
		{C080A9FF-24C5-4DA0-9F78-C21CF2806A8B}.Debug|Any CPU.ActiveCfg = Debug|Any CPU
		{C080A9FF-24C5-4DA0-9F78-C21CF2806A8B}.Debug|Any CPU.Build.0 = Debug|Any CPU
		{C080A9FF-24C5-4DA0-9F78-C21CF2806A8B}.Release|Any CPU.ActiveCfg = Release|Any CPU
		{C080A9FF-24C5-4DA0-9F78-C21CF2806A8B}.Release|Any CPU.Build.0 = Release|Any CPU
		{2B0924BC-6DF8-4113-9043-84D7C3239AA8}.Debug|Any CPU.ActiveCfg = Debug|Any CPU
		{2B0924BC-6DF8-4113-9043-84D7C3239AA8}.Debug|Any CPU.Build.0 = Debug|Any CPU
		{2B0924BC-6DF8-4113-9043-84D7C3239AA8}.Release|Any CPU.ActiveCfg = Release|Any CPU
		{2B0924BC-6DF8-4113-9043-84D7C3239AA8}.Release|Any CPU.Build.0 = Release|Any CPU
		{EF932952-D7FC-4A7A-B9EB-22BB511A7906}.Debug|Any CPU.ActiveCfg = Debug|Any CPU
		{EF932952-D7FC-4A7A-B9EB-22BB511A7906}.Debug|Any CPU.Build.0 = Debug|Any CPU
		{EF932952-D7FC-4A7A-B9EB-22BB511A7906}.Release|Any CPU.ActiveCfg = Release|Any CPU
		{EF932952-D7FC-4A7A-B9EB-22BB511A7906}.Release|Any CPU.Build.0 = Release|Any CPU
	EndGlobalSection
	GlobalSection(SolutionProperties) = preSolution
		HideSolutionNode = FALSE
	EndGlobalSection
	GlobalSection(NestedProjects) = preSolution
		{FE4E86F8-C824-488B-85E6-B2676C4BC6F3} = {F683915B-1980-4139-B945-9477E0FF4DA4}
		{CA7878A5-A336-4253-965A-8C8FA380591E} = {F683915B-1980-4139-B945-9477E0FF4DA4}
		{9DF7D672-9F17-4458-84DB-33859331F432} = {452F1073-CE41-409E-865F-EAAC109A4EB0}
		{DE753457-E47E-4FFD-B901-684B2ACE077F} = {AD8C69AE-0968-4DCB-8629-ACAD62822F4D}
		{B98D43AF-0C38-4B88-91F0-990A5CC8D938} = {AD8C69AE-0968-4DCB-8629-ACAD62822F4D}
		{656E9CCA-F605-4BAF-BC67-75A580BE5B7B} = {AD8C69AE-0968-4DCB-8629-ACAD62822F4D}
		{8EB5F49C-6932-49EE-B4F3-7D46DF27C1F5} = {DE753457-E47E-4FFD-B901-684B2ACE077F}
		{22CFC57A-7E1F-40A4-AFBD-83AE677B3D3F} = {B98D43AF-0C38-4B88-91F0-990A5CC8D938}
		{C080A9FF-24C5-4DA0-9F78-C21CF2806A8B} = {656E9CCA-F605-4BAF-BC67-75A580BE5B7B}
		{2B0924BC-6DF8-4113-9043-84D7C3239AA8} = {E1D60084-1C89-4B3A-8A2C-0AA636C9DCA3}
		{EF932952-D7FC-4A7A-B9EB-22BB511A7906} = {F683915B-1980-4139-B945-9477E0FF4DA4}
	EndGlobalSection
	GlobalSection(ExtensibilityGlobals) = postSolution
		SolutionGuid = {78EA5EC7-6E86-48DE-87F7-06C854DB5CBA}
	EndGlobalSection
EndGlobal
